// !$*UTF8*$!
{
	archiveVersion = 1;
	classes = {
	};
	objectVersion = 50;
	objects = {

/* Begin PBXBuildFile section */
		0936408821525C960044A3B8 /* Data.swift in Sources */ = {isa = PBXBuildFile; fileRef = 0936408721525C960044A3B8 /* Data.swift */; };
		095EBB50213EC83800FAA2B1 /* AppDelegate.swift in Sources */ = {isa = PBXBuildFile; fileRef = 095EBB4F213EC83800FAA2B1 /* AppDelegate.swift */; };
		095EBB52213EC83800FAA2B1 /* ToDoVC.swift in Sources */ = {isa = PBXBuildFile; fileRef = 095EBB51213EC83800FAA2B1 /* ToDoVC.swift */; };
		095EBB55213EC83800FAA2B1 /* Main.storyboard in Resources */ = {isa = PBXBuildFile; fileRef = 095EBB53213EC83800FAA2B1 /* Main.storyboard */; };
		095EBB58213EC83800FAA2B1 /* ToDo.xcdatamodeld in Sources */ = {isa = PBXBuildFile; fileRef = 095EBB56213EC83800FAA2B1 /* ToDo.xcdatamodeld */; };
		095EBB5A213EC83A00FAA2B1 /* Assets.xcassets in Resources */ = {isa = PBXBuildFile; fileRef = 095EBB59213EC83A00FAA2B1 /* Assets.xcassets */; };
		095EBB5D213EC83A00FAA2B1 /* LaunchScreen.storyboard in Resources */ = {isa = PBXBuildFile; fileRef = 095EBB5B213EC83A00FAA2B1 /* LaunchScreen.storyboard */; };
		09FB2E9E2150E35E00D2FA0D /* Constants.swift in Sources */ = {isa = PBXBuildFile; fileRef = 09FB2E9D2150E35E00D2FA0D /* Constants.swift */; };
		09FB2EA02151115C00D2FA0D /* CategoryVC.swift in Sources */ = {isa = PBXBuildFile; fileRef = 09FB2E9F2151115C00D2FA0D /* CategoryVC.swift */; };
		0B598EFB6581F6D68B7260B9 /* Pods_ToDo.framework in Frameworks */ = {isa = PBXBuildFile; fileRef = 528073BDBE6C6D85F481C4BA /* Pods_ToDo.framework */; };
/* End PBXBuildFile section */

/* Begin PBXFileReference section */
		0936408721525C960044A3B8 /* Data.swift */ = {isa = PBXFileReference; lastKnownFileType = sourcecode.swift; path = Data.swift; sourceTree = "<group>"; };
		095EBB4C213EC83800FAA2B1 /* ToDo.app */ = {isa = PBXFileReference; explicitFileType = wrapper.application; includeInIndex = 0; path = ToDo.app; sourceTree = BUILT_PRODUCTS_DIR; };
		095EBB4F213EC83800FAA2B1 /* AppDelegate.swift */ = {isa = PBXFileReference; lastKnownFileType = sourcecode.swift; path = AppDelegate.swift; sourceTree = "<group>"; };
		095EBB51213EC83800FAA2B1 /* ToDoVC.swift */ = {isa = PBXFileReference; lastKnownFileType = sourcecode.swift; path = ToDoVC.swift; sourceTree = "<group>"; };
		095EBB54213EC83800FAA2B1 /* Base */ = {isa = PBXFileReference; lastKnownFileType = file.storyboard; name = Base; path = Base.lproj/Main.storyboard; sourceTree = "<group>"; };
		095EBB57213EC83800FAA2B1 /* ToDo.xcdatamodel */ = {isa = PBXFileReference; lastKnownFileType = wrapper.xcdatamodel; path = ToDo.xcdatamodel; sourceTree = "<group>"; };
		095EBB59213EC83A00FAA2B1 /* Assets.xcassets */ = {isa = PBXFileReference; lastKnownFileType = folder.assetcatalog; path = Assets.xcassets; sourceTree = "<group>"; };
		095EBB5C213EC83A00FAA2B1 /* Base */ = {isa = PBXFileReference; lastKnownFileType = file.storyboard; name = Base; path = Base.lproj/LaunchScreen.storyboard; sourceTree = "<group>"; };
		095EBB5E213EC83A00FAA2B1 /* Info.plist */ = {isa = PBXFileReference; lastKnownFileType = text.plist.xml; path = Info.plist; sourceTree = "<group>"; };
		09FB2E9D2150E35E00D2FA0D /* Constants.swift */ = {isa = PBXFileReference; lastKnownFileType = sourcecode.swift; path = Constants.swift; sourceTree = "<group>"; };
		09FB2E9F2151115C00D2FA0D /* CategoryVC.swift */ = {isa = PBXFileReference; lastKnownFileType = sourcecode.swift; path = CategoryVC.swift; sourceTree = "<group>"; };
		528073BDBE6C6D85F481C4BA /* Pods_ToDo.framework */ = {isa = PBXFileReference; explicitFileType = wrapper.framework; includeInIndex = 0; path = Pods_ToDo.framework; sourceTree = BUILT_PRODUCTS_DIR; };
		7078F35DE7EED8D19633C227 /* Pods-ToDo.debug.xcconfig */ = {isa = PBXFileReference; includeInIndex = 1; lastKnownFileType = text.xcconfig; name = "Pods-ToDo.debug.xcconfig"; path = "Pods/Target Support Files/Pods-ToDo/Pods-ToDo.debug.xcconfig"; sourceTree = "<group>"; };
		E26EC7091B9586C455015ADA /* Pods-ToDo.release.xcconfig */ = {isa = PBXFileReference; includeInIndex = 1; lastKnownFileType = text.xcconfig; name = "Pods-ToDo.release.xcconfig"; path = "Pods/Target Support Files/Pods-ToDo/Pods-ToDo.release.xcconfig"; sourceTree = "<group>"; };
/* End PBXFileReference section */

/* Begin PBXFrameworksBuildPhase section */
		095EBB49213EC83800FAA2B1 /* Frameworks */ = {
			isa = PBXFrameworksBuildPhase;
			buildActionMask = 2147483647;
			files = (
				0B598EFB6581F6D68B7260B9 /* Pods_ToDo.framework in Frameworks */,
			);
			runOnlyForDeploymentPostprocessing = 0;
		};
/* End PBXFrameworksBuildPhase section */

/* Begin PBXGroup section */
		092F1D0E2146B29900039C47 /* DataModel */ = {
			isa = PBXGroup;
			children = (
				095EBB56213EC83800FAA2B1 /* ToDo.xcdatamodeld */,
			);
			path = DataModel;
			sourceTree = "<group>";
		};
		095EBB43213EC83800FAA2B1 = {
			isa = PBXGroup;
			children = (
				095EBB4E213EC83800FAA2B1 /* ToDo */,
				095EBB4D213EC83800FAA2B1 /* Products */,
				0CAC104CFBD74FDFF5B2F58F /* Pods */,
				87B565907085CDA9C6B9AA12 /* Frameworks */,
			);
			sourceTree = "<group>";
		};
		095EBB4D213EC83800FAA2B1 /* Products */ = {
			isa = PBXGroup;
			children = (
				095EBB4C213EC83800FAA2B1 /* ToDo.app */,
			);
			name = Products;
			sourceTree = "<group>";
		};
		095EBB4E213EC83800FAA2B1 /* ToDo */ = {
			isa = PBXGroup;
			children = (
				092F1D0E2146B29900039C47 /* DataModel */,
				095EBB5E213EC83A00FAA2B1 /* Info.plist */,
				095EBB4F213EC83800FAA2B1 /* AppDelegate.swift */,
				095EBB692141145E00FAA2B1 /* Support Files */,
				095EBB682141142D00FAA2B1 /* View */,
				095EBB672141142300FAA2B1 /* Controller */,
				095EBB662141141B00FAA2B1 /* Model */,
			);
			path = ToDo;
			sourceTree = "<group>";
		};
		095EBB662141141B00FAA2B1 /* Model */ = {
			isa = PBXGroup;
			children = (
				0936408721525C960044A3B8 /* Data.swift */,
			);
			path = Model;
			sourceTree = "<group>";
		};
		095EBB672141142300FAA2B1 /* Controller */ = {
			isa = PBXGroup;
			children = (
				09FB2E9F2151115C00D2FA0D /* CategoryVC.swift */,
				095EBB51213EC83800FAA2B1 /* ToDoVC.swift */,
			);
			path = Controller;
			sourceTree = "<group>";
		};
		095EBB682141142D00FAA2B1 /* View */ = {
			isa = PBXGroup;
			children = (
				095EBB53213EC83800FAA2B1 /* Main.storyboard */,
				095EBB5B213EC83A00FAA2B1 /* LaunchScreen.storyboard */,
			);
			path = View;
			sourceTree = "<group>";
		};
		095EBB692141145E00FAA2B1 /* Support Files */ = {
			isa = PBXGroup;
			children = (
				095EBB59213EC83A00FAA2B1 /* Assets.xcassets */,
				09FB2E9D2150E35E00D2FA0D /* Constants.swift */,
			);
			path = "Support Files";
			sourceTree = "<group>";
		};
		0CAC104CFBD74FDFF5B2F58F /* Pods */ = {
			isa = PBXGroup;
			children = (
				7078F35DE7EED8D19633C227 /* Pods-ToDo.debug.xcconfig */,
				E26EC7091B9586C455015ADA /* Pods-ToDo.release.xcconfig */,
			);
			name = Pods;
			sourceTree = "<group>";
		};
		87B565907085CDA9C6B9AA12 /* Frameworks */ = {
			isa = PBXGroup;
			children = (
				528073BDBE6C6D85F481C4BA /* Pods_ToDo.framework */,
			);
			name = Frameworks;
			sourceTree = "<group>";
		};
/* End PBXGroup section */

/* Begin PBXNativeTarget section */
		095EBB4B213EC83800FAA2B1 /* ToDo */ = {
			isa = PBXNativeTarget;
			buildConfigurationList = 095EBB61213EC83A00FAA2B1 /* Build configuration list for PBXNativeTarget "ToDo" */;
			buildPhases = (
				8F6D3F64F15ABAB123D149BB /* [CP] Check Pods Manifest.lock */,
				095EBB48213EC83800FAA2B1 /* Sources */,
				095EBB49213EC83800FAA2B1 /* Frameworks */,
				095EBB4A213EC83800FAA2B1 /* Resources */,
				1335B66134F0E957DCD97559 /* [CP] Embed Pods Frameworks */,
			);
			buildRules = (
			);
			dependencies = (
			);
			name = ToDo;
			productName = ToDo;
			productReference = 095EBB4C213EC83800FAA2B1 /* ToDo.app */;
			productType = "com.apple.product-type.application";
		};
/* End PBXNativeTarget section */

/* Begin PBXProject section */
		095EBB44213EC83800FAA2B1 /* Project object */ = {
			isa = PBXProject;
			attributes = {
				LastSwiftUpdateCheck = 0940;
				LastUpgradeCheck = 0940;
				ORGANIZATIONNAME = mania;
				TargetAttributes = {
					095EBB4B213EC83800FAA2B1 = {
						CreatedOnToolsVersion = 9.4.1;
						LastSwiftMigration = 1010;
					};
				};
			};
			buildConfigurationList = 095EBB47213EC83800FAA2B1 /* Build configuration list for PBXProject "ToDo" */;
			compatibilityVersion = "Xcode 9.3";
			developmentRegion = en;
			hasScannedForEncodings = 0;
			knownRegions = (
				en,
				Base,
			);
			mainGroup = 095EBB43213EC83800FAA2B1;
			productRefGroup = 095EBB4D213EC83800FAA2B1 /* Products */;
			projectDirPath = "";
			projectRoot = "";
			targets = (
				095EBB4B213EC83800FAA2B1 /* ToDo */,
			);
		};
/* End PBXProject section */

/* Begin PBXResourcesBuildPhase section */
		095EBB4A213EC83800FAA2B1 /* Resources */ = {
			isa = PBXResourcesBuildPhase;
			buildActionMask = 2147483647;
			files = (
				095EBB5D213EC83A00FAA2B1 /* LaunchScreen.storyboard in Resources */,
				095EBB5A213EC83A00FAA2B1 /* Assets.xcassets in Resources */,
				095EBB55213EC83800FAA2B1 /* Main.storyboard in Resources */,
			);
			runOnlyForDeploymentPostprocessing = 0;
		};
/* End PBXResourcesBuildPhase section */

/* Begin PBXShellScriptBuildPhase section */
		1335B66134F0E957DCD97559 /* [CP] Embed Pods Frameworks */ = {
			isa = PBXShellScriptBuildPhase;
			buildActionMask = 2147483647;
			files = (
			);
			inputPaths = (
				"${SRCROOT}/Pods/Target Support Files/Pods-ToDo/Pods-ToDo-frameworks.sh",
				"${BUILT_PRODUCTS_DIR}/Realm/Realm.framework",
				"${BUILT_PRODUCTS_DIR}/RealmSwift/RealmSwift.framework",
			);
			name = "[CP] Embed Pods Frameworks";
			outputPaths = (
				"${TARGET_BUILD_DIR}/${FRAMEWORKS_FOLDER_PATH}/Realm.framework",
				"${TARGET_BUILD_DIR}/${FRAMEWORKS_FOLDER_PATH}/RealmSwift.framework",
			);
			runOnlyForDeploymentPostprocessing = 0;
			shellPath = /bin/sh;
			shellScript = "\"${SRCROOT}/Pods/Target Support Files/Pods-ToDo/Pods-ToDo-frameworks.sh\"\n";
			showEnvVarsInLog = 0;
		};
		8F6D3F64F15ABAB123D149BB /* [CP] Check Pods Manifest.lock */ = {
			isa = PBXShellScriptBuildPhase;
			buildActionMask = 2147483647;
			files = (
			);
			inputPaths = (
				"${PODS_PODFILE_DIR_PATH}/Podfile.lock",
				"${PODS_ROOT}/Manifest.lock",
			);
			name = "[CP] Check Pods Manifest.lock";
			outputPaths = (
				"$(DERIVED_FILE_DIR)/Pods-ToDo-checkManifestLockResult.txt",
			);
			runOnlyForDeploymentPostprocessing = 0;
			shellPath = /bin/sh;
			shellScript = "diff \"${PODS_PODFILE_DIR_PATH}/Podfile.lock\" \"${PODS_ROOT}/Manifest.lock\" > /dev/null\nif [ $? != 0 ] ; then\n    # print error to STDERR\n    echo \"error: The sandbox is not in sync with the Podfile.lock. Run 'pod install' or update your CocoaPods installation.\" >&2\n    exit 1\nfi\n# This output is used by Xcode 'outputs' to avoid re-running this script phase.\necho \"SUCCESS\" > \"${SCRIPT_OUTPUT_FILE_0}\"\n";
			showEnvVarsInLog = 0;
		};
/* End PBXShellScriptBuildPhase section */

/* Begin PBXSourcesBuildPhase section */
		095EBB48213EC83800FAA2B1 /* Sources */ = {
			isa = PBXSourcesBuildPhase;
			buildActionMask = 2147483647;
			files = (
				09FB2EA02151115C00D2FA0D /* CategoryVC.swift in Sources */,
				0936408821525C960044A3B8 /* Data.swift in Sources */,
				095EBB52213EC83800FAA2B1 /* ToDoVC.swift in Sources */,
				095EBB58213EC83800FAA2B1 /* ToDo.xcdatamodeld in Sources */,
				095EBB50213EC83800FAA2B1 /* AppDelegate.swift in Sources */,
				09FB2E9E2150E35E00D2FA0D /* Constants.swift in Sources */,
			);
			runOnlyForDeploymentPostprocessing = 0;
		};
/* End PBXSourcesBuildPhase section */

/* Begin PBXVariantGroup section */
		095EBB53213EC83800FAA2B1 /* Main.storyboard */ = {
			isa = PBXVariantGroup;
			children = (
				095EBB54213EC83800FAA2B1 /* Base */,
			);
			name = Main.storyboard;
			sourceTree = "<group>";
		};
		095EBB5B213EC83A00FAA2B1 /* LaunchScreen.storyboard */ = {
			isa = PBXVariantGroup;
			children = (
				095EBB5C213EC83A00FAA2B1 /* Base */,
			);
			name = LaunchScreen.storyboard;
			sourceTree = "<group>";
		};
/* End PBXVariantGroup section */

/* Begin XCBuildConfiguration section */
		095EBB5F213EC83A00FAA2B1 /* Debug */ = {
			isa = XCBuildConfiguration;
			buildSettings = {
				ALWAYS_SEARCH_USER_PATHS = NO;
				CLANG_ANALYZER_NONNULL = YES;
				CLANG_ANALYZER_NUMBER_OBJECT_CONVERSION = YES_AGGRESSIVE;
				CLANG_CXX_LANGUAGE_STANDARD = "gnu++14";
				CLANG_CXX_LIBRARY = "libc++";
				CLANG_ENABLE_MODULES = YES;
				CLANG_ENABLE_OBJC_ARC = YES;
				CLANG_ENABLE_OBJC_WEAK = YES;
				CLANG_WARN_BLOCK_CAPTURE_AUTORELEASING = YES;
				CLANG_WARN_BOOL_CONVERSION = YES;
				CLANG_WARN_COMMA = YES;
				CLANG_WARN_CONSTANT_CONVERSION = YES;
				CLANG_WARN_DEPRECATED_OBJC_IMPLEMENTATIONS = YES;
				CLANG_WARN_DIRECT_OBJC_ISA_USAGE = YES_ERROR;
				CLANG_WARN_DOCUMENTATION_COMMENTS = YES;
				CLANG_WARN_EMPTY_BODY = YES;
				CLANG_WARN_ENUM_CONVERSION = YES;
				CLANG_WARN_INFINITE_RECURSION = YES;
				CLANG_WARN_INT_CONVERSION = YES;
				CLANG_WARN_NON_LITERAL_NULL_CONVERSION = YES;
				CLANG_WARN_OBJC_IMPLICIT_RETAIN_SELF = YES;
				CLANG_WARN_OBJC_LITERAL_CONVERSION = YES;
				CLANG_WARN_OBJC_ROOT_CLASS = YES_ERROR;
				CLANG_WARN_RANGE_LOOP_ANALYSIS = YES;
				CLANG_WARN_STRICT_PROTOTYPES = YES;
				CLANG_WARN_SUSPICIOUS_MOVE = YES;
				CLANG_WARN_UNGUARDED_AVAILABILITY = YES_AGGRESSIVE;
				CLANG_WARN_UNREACHABLE_CODE = YES;
				CLANG_WARN__DUPLICATE_METHOD_MATCH = YES;
				CODE_SIGN_IDENTITY = "iPhone Developer";
				COPY_PHASE_STRIP = NO;
				DEBUG_INFORMATION_FORMAT = dwarf;
				ENABLE_STRICT_OBJC_MSGSEND = YES;
				ENABLE_TESTABILITY = YES;
				GCC_C_LANGUAGE_STANDARD = gnu11;
				GCC_DYNAMIC_NO_PIC = NO;
				GCC_NO_COMMON_BLOCKS = YES;
				GCC_OPTIMIZATION_LEVEL = 0;
				GCC_PREPROCESSOR_DEFINITIONS = (
					"DEBUG=1",
					"$(inherited)",
				);
				GCC_WARN_64_TO_32_BIT_CONVERSION = YES;
				GCC_WARN_ABOUT_RETURN_TYPE = YES_ERROR;
				GCC_WARN_UNDECLARED_SELECTOR = YES;
				GCC_WARN_UNINITIALIZED_AUTOS = YES_AGGRESSIVE;
				GCC_WARN_UNUSED_FUNCTION = YES;
				GCC_WARN_UNUSED_VARIABLE = YES;
				IPHONEOS_DEPLOYMENT_TARGET = 11.4;
				MTL_ENABLE_DEBUG_INFO = YES;
				ONLY_ACTIVE_ARCH = YES;
				SDKROOT = iphoneos;
				SWIFT_ACTIVE_COMPILATION_CONDITIONS = DEBUG;
				SWIFT_OPTIMIZATION_LEVEL = "-Onone";
			};
			name = Debug;
		};
		095EBB60213EC83A00FAA2B1 /* Release */ = {
			isa = XCBuildConfiguration;
			buildSettings = {
				ALWAYS_SEARCH_USER_PATHS = NO;
				CLANG_ANALYZER_NONNULL = YES;
				CLANG_ANALYZER_NUMBER_OBJECT_CONVERSION = YES_AGGRESSIVE;
				CLANG_CXX_LANGUAGE_STANDARD = "gnu++14";
				CLANG_CXX_LIBRARY = "libc++";
				CLANG_ENABLE_MODULES = YES;
				CLANG_ENABLE_OBJC_ARC = YES;
				CLANG_ENABLE_OBJC_WEAK = YES;
				CLANG_WARN_BLOCK_CAPTURE_AUTORELEASING = YES;
				CLANG_WARN_BOOL_CONVERSION = YES;
				CLANG_WARN_COMMA = YES;
				CLANG_WARN_CONSTANT_CONVERSION = YES;
				CLANG_WARN_DEPRECATED_OBJC_IMPLEMENTATIONS = YES;
				CLANG_WARN_DIRECT_OBJC_ISA_USAGE = YES_ERROR;
				CLANG_WARN_DOCUMENTATION_COMMENTS = YES;
				CLANG_WARN_EMPTY_BODY = YES;
				CLANG_WARN_ENUM_CONVERSION = YES;
				CLANG_WARN_INFINITE_RECURSION = YES;
				CLANG_WARN_INT_CONVERSION = YES;
				CLANG_WARN_NON_LITERAL_NULL_CONVERSION = YES;
				CLANG_WARN_OBJC_IMPLICIT_RETAIN_SELF = YES;
				CLANG_WARN_OBJC_LITERAL_CONVERSION = YES;
				CLANG_WARN_OBJC_ROOT_CLASS = YES_ERROR;
				CLANG_WARN_RANGE_LOOP_ANALYSIS = YES;
				CLANG_WARN_STRICT_PROTOTYPES = YES;
				CLANG_WARN_SUSPICIOUS_MOVE = YES;
				CLANG_WARN_UNGUARDED_AVAILABILITY = YES_AGGRESSIVE;
				CLANG_WARN_UNREACHABLE_CODE = YES;
				CLANG_WARN__DUPLICATE_METHOD_MATCH = YES;
				CODE_SIGN_IDENTITY = "iPhone Developer";
				COPY_PHASE_STRIP = NO;
				DEBUG_INFORMATION_FORMAT = "dwarf-with-dsym";
				ENABLE_NS_ASSERTIONS = NO;
				ENABLE_STRICT_OBJC_MSGSEND = YES;
				GCC_C_LANGUAGE_STANDARD = gnu11;
				GCC_NO_COMMON_BLOCKS = YES;
				GCC_WARN_64_TO_32_BIT_CONVERSION = YES;
				GCC_WARN_ABOUT_RETURN_TYPE = YES_ERROR;
				GCC_WARN_UNDECLARED_SELECTOR = YES;
				GCC_WARN_UNINITIALIZED_AUTOS = YES_AGGRESSIVE;
				GCC_WARN_UNUSED_FUNCTION = YES;
				GCC_WARN_UNUSED_VARIABLE = YES;
				IPHONEOS_DEPLOYMENT_TARGET = 11.4;
				MTL_ENABLE_DEBUG_INFO = NO;
				SDKROOT = iphoneos;
				SWIFT_COMPILATION_MODE = wholemodule;
				SWIFT_OPTIMIZATION_LEVEL = "-O";
				VALIDATE_PRODUCT = YES;
			};
			name = Release;
		};
		095EBB62213EC83A00FAA2B1 /* Debug */ = {
			isa = XCBuildConfiguration;
			baseConfigurationReference = 7078F35DE7EED8D19633C227 /* Pods-ToDo.debug.xcconfig */;
			buildSettings = {
				ASSETCATALOG_COMPILER_APPICON_NAME = AppIcon;
				CODE_SIGN_STYLE = Automatic;
				DEVELOPMENT_TEAM = H4JMU4PD3S;
				INFOPLIST_FILE = ToDo/Info.plist;
				LD_RUNPATH_SEARCH_PATHS = (
					"$(inherited)",
					"@executable_path/Frameworks",
				);
				PRODUCT_BUNDLE_IDENTIFIER = world.mania.ToDo;
				PRODUCT_NAME = "$(TARGET_NAME)";
				SWIFT_VERSION = 4.2;
				TARGETED_DEVICE_FAMILY = "1,2";
			};
			name = Debug;
		};
		095EBB63213EC83A00FAA2B1 /* Release */ = {
			isa = XCBuildConfiguration;
			baseConfigurationReference = E26EC7091B9586C455015ADA /* Pods-ToDo.release.xcconfig */;
			buildSettings = {
				ASSETCATALOG_COMPILER_APPICON_NAME = AppIcon;
				CODE_SIGN_STYLE = Automatic;
				DEVELOPMENT_TEAM = H4JMU4PD3S;
				INFOPLIST_FILE = ToDo/Info.plist;
				LD_RUNPATH_SEARCH_PATHS = (
					"$(inherited)",
					"@executable_path/Frameworks",
				);
				PRODUCT_BUNDLE_IDENTIFIER = world.mania.ToDo;
				PRODUCT_NAME = "$(TARGET_NAME)";
				SWIFT_VERSION = 4.2;
				TARGETED_DEVICE_FAMILY = "1,2";
			};
			name = Release;
		};
/* End XCBuildConfiguration section */

/* Begin XCConfigurationList section */
		095EBB47213EC83800FAA2B1 /* Build configuration list for PBXProject "ToDo" */ = {
			isa = XCConfigurationList;
			buildConfigurations = (
				095EBB5F213EC83A00FAA2B1 /* Debug */,
				095EBB60213EC83A00FAA2B1 /* Release */,
			);
			defaultConfigurationIsVisible = 0;
			defaultConfigurationName = Release;
		};
		095EBB61213EC83A00FAA2B1 /* Build configuration list for PBXNativeTarget "ToDo" */ = {
			isa = XCConfigurationList;
			buildConfigurations = (
				095EBB62213EC83A00FAA2B1 /* Debug */,
				095EBB63213EC83A00FAA2B1 /* Release */,
			);
			defaultConfigurationIsVisible = 0;
			defaultConfigurationName = Release;
		};
/* End XCConfigurationList section */

/* Begin XCVersionGroup section */
		095EBB56213EC83800FAA2B1 /* ToDo.xcdatamodeld */ = {
			isa = XCVersionGroup;
			children = (
				095EBB57213EC83800FAA2B1 /* ToDo.xcdatamodel */,
			);
			currentVersion = 095EBB57213EC83800FAA2B1 /* ToDo.xcdatamodel */;
			path = ToDo.xcdatamodeld;
			sourceTree = "<group>";
			versionGroupType = wrapper.xcdatamodel;
		};
/* End XCVersionGroup section */
	};
	rootObject = 095EBB44213EC83800FAA2B1 /* Project object */;
}
